
Microsoft Visual Studio Solution File, Format Version 12.00
# Visual Studio Version 17
VisualStudioVersion = 17.14.36301.6 d17.14
MinimumVisualStudioVersion = 10.0.40219.1
Project("{FAE04EC0-301F-11D3-BF4B-00C04F79EFBC}") = "CityFlow", "CityFlow\CityFlow.csproj", "{93AF5E2A-4865-45DA-8B61-F0C520F712EA}"
EndProject
Global
	GlobalSection(SolutionConfigurationPlatforms) = preSolution
		Debug|Any CPU = Debug|Any CPU
		Release|Any CPU = Release|Any CPU
	EndGlobalSection
	GlobalSection(ProjectConfigurationPlatforms) = postSolution
		{93AF5E2A-4865-45DA-8B61-F0C520F712EA}.Debug|Any CPU.ActiveCfg = Debug|Any CPU
		{93AF5E2A-4865-45DA-8B61-F0C520F712EA}.Debug|Any CPU.Build.0 = Debug|Any CPU
		{93AF5E2A-4865-45DA-8B61-F0C520F712EA}.Release|Any CPU.ActiveCfg = Release|Any CPU
		{93AF5E2A-4865-45DA-8B61-F0C520F712EA}.Release|Any CPU.Build.0 = Release|Any CPU
	EndGlobalSection
	GlobalSection(SolutionProperties) = preSolution
		HideSolutionNode = FALSE
	EndGlobalSection
	GlobalSection(ExtensibilityGlobals) = postSolution
		SolutionGuid = {AB592CEF-7034-4C46-AFDB-3301F34864A8}
	EndGlobalSection
EndGlobal
